
Microsoft Visual Studio Solution File, Format Version 12.00
# Visual Studio Version 17
VisualStudioVersion = 17.6.33815.320
MinimumVisualStudioVersion = 10.0.40219.1
Project("{9A19103F-16F7-4668-BE54-9A1E7A4F7556}") = "szoft_ABCDEF", "szoft_ABCDEF\szoft_ABCDEF.csproj", "{87E44DBD-ADFF-4ED8-9B33-E0A33219D198}"
EndProject
Project("{9A19103F-16F7-4668-BE54-9A1E7A4F7556}") = "Szorzozatbla", "Szorzozatbla\Szorzozatbla.csproj", "{E05C9F5C-8032-40E5-A3F6-E7D3AC7A2E9F}"
EndProject
Project("{9A19103F-16F7-4668-BE54-9A1E7A4F7556}") = "Fibonacci", "Fibonacci\Fibonacci.csproj", "{E5AF30D5-EF07-488C-B245-B89D7507FF06}"
EndProject
Project("{FAE04EC0-301F-11D3-BF4B-00C04F79EFBC}") = "Gyakorlo1", "Gyakorlo1\Gyakorlo1.csproj", "{127BE77E-F574-445A-81C0-016B5E8361DE}"
EndProject
Global
	GlobalSection(SolutionConfigurationPlatforms) = preSolution
		Debug|Any CPU = Debug|Any CPU
		Release|Any CPU = Release|Any CPU
	EndGlobalSection
	GlobalSection(ProjectConfigurationPlatforms) = postSolution
		{87E44DBD-ADFF-4ED8-9B33-E0A33219D198}.Debug|Any CPU.ActiveCfg = Debug|Any CPU
		{87E44DBD-ADFF-4ED8-9B33-E0A33219D198}.Debug|Any CPU.Build.0 = Debug|Any CPU
		{87E44DBD-ADFF-4ED8-9B33-E0A33219D198}.Release|Any CPU.ActiveCfg = Release|Any CPU
		{87E44DBD-ADFF-4ED8-9B33-E0A33219D198}.Release|Any CPU.Build.0 = Release|Any CPU
		{E05C9F5C-8032-40E5-A3F6-E7D3AC7A2E9F}.Debug|Any CPU.ActiveCfg = Debug|Any CPU
		{E05C9F5C-8032-40E5-A3F6-E7D3AC7A2E9F}.Debug|Any CPU.Build.0 = Debug|Any CPU
		{E05C9F5C-8032-40E5-A3F6-E7D3AC7A2E9F}.Release|Any CPU.ActiveCfg = Release|Any CPU
		{E05C9F5C-8032-40E5-A3F6-E7D3AC7A2E9F}.Release|Any CPU.Build.0 = Release|Any CPU
		{E5AF30D5-EF07-488C-B245-B89D7507FF06}.Debug|Any CPU.ActiveCfg = Debug|Any CPU
		{E5AF30D5-EF07-488C-B245-B89D7507FF06}.Debug|Any CPU.Build.0 = Debug|Any CPU
		{E5AF30D5-EF07-488C-B245-B89D7507FF06}.Release|Any CPU.ActiveCfg = Release|Any CPU
		{E5AF30D5-EF07-488C-B245-B89D7507FF06}.Release|Any CPU.Build.0 = Release|Any CPU
		{127BE77E-F574-445A-81C0-016B5E8361DE}.Debug|Any CPU.ActiveCfg = Debug|Any CPU
		{127BE77E-F574-445A-81C0-016B5E8361DE}.Debug|Any CPU.Build.0 = Debug|Any CPU
		{127BE77E-F574-445A-81C0-016B5E8361DE}.Release|Any CPU.ActiveCfg = Release|Any CPU
		{127BE77E-F574-445A-81C0-016B5E8361DE}.Release|Any CPU.Build.0 = Release|Any CPU
	EndGlobalSection
	GlobalSection(SolutionProperties) = preSolution
		HideSolutionNode = FALSE
	EndGlobalSection
	GlobalSection(ExtensibilityGlobals) = postSolution
		SolutionGuid = {C228AC04-AC70-4B4C-818D-612660358A33}
	EndGlobalSection
EndGlobal
